
Microsoft Visual Studio Solution File, Format Version 12.00
# Visual Studio Version 16
VisualStudioVersion = 16.0.34601.136
MinimumVisualStudioVersion = 10.0.40219.1
Project("{FAE04EC0-301F-11D3-BF4B-00C04F79EFBC}") = "TeensySoundfontReader_Interface", "TeensySoundfontReader_Interface.csproj", "{310CBDAF-E3F6-443B-A2BC-7D3E37071DBF}"
EndProject
Global
	GlobalSection(SolutionConfigurationPlatforms) = preSolution
		Debug|Any CPU = Debug|Any CPU
		Release|Any CPU = Release|Any CPU
	EndGlobalSection
	GlobalSection(ProjectConfigurationPlatforms) = postSolution
		{310CBDAF-E3F6-443B-A2BC-7D3E37071DBF}.Debug|Any CPU.ActiveCfg = Debug|Any CPU
		{310CBDAF-E3F6-443B-A2BC-7D3E37071DBF}.Debug|Any CPU.Build.0 = Debug|Any CPU
		{310CBDAF-E3F6-443B-A2BC-7D3E37071DBF}.Release|Any CPU.ActiveCfg = Release|Any CPU
		{310CBDAF-E3F6-443B-A2BC-7D3E37071DBF}.Release|Any CPU.Build.0 = Release|Any CPU
	EndGlobalSection
	GlobalSection(SolutionProperties) = preSolution
		HideSolutionNode = FALSE
	EndGlobalSection
	GlobalSection(ExtensibilityGlobals) = postSolution
		SolutionGuid = {AC18DF20-F5BB-4BFD-AE19-999881D73FC1}
	EndGlobalSection
EndGlobal
